Microsoft Visual Studio Solution File, Format Version 12.00
# Visual Studio Version 17
VisualStudioVersion = 17.5.2.0
MinimumVisualStudioVersion = 10.0.40219.1
Project("{FAE04EC0-301F-11D3-BF4B-00C04F79EFBC}") = "Kebab Simulator", "Kebab Simulator.csproj", "{2082A9C2-B042-3583-BCBA-E1FCBFEFDD72}"
EndProject
Global
	GlobalSection(SolutionConfigurationPlatforms) = preSolution
		Debug|Any CPU = Debug|Any CPU
		Release|Any CPU = Release|Any CPU
	EndGlobalSection
	GlobalSection(ProjectConfigurationPlatforms) = postSolution
		{2082A9C2-B042-3583-BCBA-E1FCBFEFDD72}.Debug|Any CPU.ActiveCfg = Debug|Any CPU
		{2082A9C2-B042-3583-BCBA-E1FCBFEFDD72}.Debug|Any CPU.Build.0 = Debug|Any CPU
		{2082A9C2-B042-3583-BCBA-E1FCBFEFDD72}.Release|Any CPU.ActiveCfg = Release|Any CPU
		{2082A9C2-B042-3583-BCBA-E1FCBFEFDD72}.Release|Any CPU.Build.0 = Release|Any CPU
	EndGlobalSection
	GlobalSection(SolutionProperties) = preSolution
		HideSolutionNode = FALSE
	EndGlobalSection
	GlobalSection(ExtensibilityGlobals) = postSolution
		SolutionGuid = {76F73DAC-6D64-4C52-A043-45893FB32DD4}
	EndGlobalSection
EndGlobal
